// !$*UTF8*$!
{
	archiveVersion = 1;
	classes = {
	};
	objectVersion = 50;
	objects = {

/* Begin PBXBuildFile section */
		6D0F7ADD24E1263300FE49FF /* AppDelegate.swift in Sources */ = {isa = PBXBuildFile; fileRef = 6D0F7ADC24E1263300FE49FF /* AppDelegate.swift */; };
		6D0F7ADF24E1263300FE49FF /* SceneDelegate.swift in Sources */ = {isa = PBXBuildFile; fileRef = 6D0F7ADE24E1263300FE49FF /* SceneDelegate.swift */; };
		6D0F7AE124E1263300FE49FF /* ViewController.swift in Sources */ = {isa = PBXBuildFile; fileRef = 6D0F7AE024E1263300FE49FF /* ViewController.swift */; };
		6D0F7AE424E1263300FE49FF /* Main.storyboard in Resources */ = {isa = PBXBuildFile; fileRef = 6D0F7AE224E1263300FE49FF /* Main.storyboard */; };
		6D0F7AE624E1263500FE49FF /* Assets.xcassets in Resources */ = {isa = PBXBuildFile; fileRef = 6D0F7AE524E1263500FE49FF /* Assets.xcassets */; };
		6D0F7AE924E1263500FE49FF /* LaunchScreen.storyboard in Resources */ = {isa = PBXBuildFile; fileRef = 6D0F7AE724E1263500FE49FF /* LaunchScreen.storyboard */; };
		6D0F7AF124E127D100FE49FF /* MainVC.swift in Sources */ = {isa = PBXBuildFile; fileRef = 6D0F7AF024E127D100FE49FF /* MainVC.swift */; };
/* End PBXBuildFile section */

/* Begin PBXFileReference section */
		6D0F7AD924E1263300FE49FF /* Ahorcado.app */ = {isa = PBXFileReference; explicitFileType = wrapper.application; includeInIndex = 0; path = Ahorcado.app; sourceTree = BUILT_PRODUCTS_DIR; };
		6D0F7ADC24E1263300FE49FF /* AppDelegate.swift */ = {isa = PBXFileReference; lastKnownFileType = sourcecode.swift; path = AppDelegate.swift; sourceTree = "<group>"; };
		6D0F7ADE24E1263300FE49FF /* SceneDelegate.swift */ = {isa = PBXFileReference; lastKnownFileType = sourcecode.swift; path = SceneDelegate.swift; sourceTree = "<group>"; };
		6D0F7AE024E1263300FE49FF /* ViewController.swift */ = {isa = PBXFileReference; lastKnownFileType = sourcecode.swift; path = ViewController.swift; sourceTree = "<group>"; };
		6D0F7AE324E1263300FE49FF /* Base */ = {isa = PBXFileReference; lastKnownFileType = file.storyboard; name = Base; path = Base.lproj/Main.storyboard; sourceTree = "<group>"; };
		6D0F7AE524E1263500FE49FF /* Assets.xcassets */ = {isa = PBXFileReference; lastKnownFileType = folder.assetcatalog; path = Assets.xcassets; sourceTree = "<group>"; };
		6D0F7AE824E1263500FE49FF /* Base */ = {isa = PBXFileReference; lastKnownFileType = file.storyboard; name = Base; path = Base.lproj/LaunchScreen.storyboard; sourceTree = "<group>"; };
		6D0F7AEA24E1263500FE49FF /* Info.plist */ = {isa = PBXFileReference; lastKnownFileType = text.plist.xml; path = Info.plist; sourceTree = "<group>"; };
		6D0F7AF024E127D100FE49FF /* MainVC.swift */ = {isa = PBXFileReference; lastKnownFileType = sourcecode.swift; path = MainVC.swift; sourceTree = "<group>"; };
/* End PBXFileReference section */

/* Begin PBXFrameworksBuildPhase section */
		6D0F7AD624E1263300FE49FF /* Frameworks */ = {
			isa = PBXFrameworksBuildPhase;
			buildActionMask = 2147483647;
			files = (
			);
			runOnlyForDeploymentPostprocessing = 0;
		};
/* End PBXFrameworksBuildPhase section */

/* Begin PBXGroup section */
		6D0F7AD024E1263300FE49FF = {
			isa = PBXGroup;
			children = (
				6D0F7ADB24E1263300FE49FF /* Ahorcado */,
				6D0F7ADA24E1263300FE49FF /* Products */,
			);
			sourceTree = "<group>";
		};
		6D0F7ADA24E1263300FE49FF /* Products */ = {
			isa = PBXGroup;
			children = (
				6D0F7AD924E1263300FE49FF /* Ahorcado.app */,
			);
			name = Products;
			sourceTree = "<group>";
		};
		6D0F7ADB24E1263300FE49FF /* Ahorcado */ = {
			isa = PBXGroup;
			children = (
				6D0F7ADC24E1263300FE49FF /* AppDelegate.swift */,
				6D0F7ADE24E1263300FE49FF /* SceneDelegate.swift */,
				6D0F7AE024E1263300FE49FF /* ViewController.swift */,
				6D0F7AE224E1263300FE49FF /* Main.storyboard */,
				6D0F7AE524E1263500FE49FF /* Assets.xcassets */,
				6D0F7AE724E1263500FE49FF /* LaunchScreen.storyboard */,
				6D0F7AEA24E1263500FE49FF /* Info.plist */,
				6D0F7AF024E127D100FE49FF /* MainVC.swift */,
			);
			path = Ahorcado;
			sourceTree = "<group>";
		};
/* End PBXGroup section */

/* Begin PBXNativeTarget section */
		6D0F7AD824E1263300FE49FF /* Ahorcado */ = {
			isa = PBXNativeTarget;
			buildConfigurationList = 6D0F7AED24E1263500FE49FF /* Build configuration list for PBXNativeTarget "Ahorcado" */;
			buildPhases = (
				6D0F7AD524E1263300FE49FF /* Sources */,
				6D0F7AD624E1263300FE49FF /* Frameworks */,
				6D0F7AD724E1263300FE49FF /* Resources */,
			);
			buildRules = (
			);
			dependencies = (
			);
			name = Ahorcado;
			productName = Ahorcado;
			productReference = 6D0F7AD924E1263300FE49FF /* Ahorcado.app */;
			productType = "com.apple.product-type.application";
		};
/* End PBXNativeTarget section */

/* Begin PBXProject section */
		6D0F7AD124E1263300FE49FF /* Project object */ = {
			isa = PBXProject;
			attributes = {
				LastSwiftUpdateCheck = 1130;
				LastUpgradeCheck = 1130;
				ORGANIZATIONNAME = user159106;
				TargetAttributes = {
					6D0F7AD824E1263300FE49FF = {
						CreatedOnToolsVersion = 11.3.1;
					};
				};
			};
			buildConfigurationList = 6D0F7AD424E1263300FE49FF /* Build configuration list for PBXProject "Ahorcado" */;
			compatibilityVersion = "Xcode 9.3";
			developmentRegion = en;
			hasScannedForEncodings = 0;
			knownRegions = (
				en,
				Base,
			);
			mainGroup = 6D0F7AD024E1263300FE49FF;
			productRefGroup = 6D0F7ADA24E1263300FE49FF /* Products */;
			projectDirPath = "";
			projectRoot = "";
			targets = (
				6D0F7AD824E1263300FE49FF /* Ahorcado */,
			);
		};
/* End PBXProject section */

/* Begin PBXResourcesBuildPhase section */
		6D0F7AD724E1263300FE49FF /* Resources */ = {
			isa = PBXResourcesBuildPhase;
			buildActionMask = 2147483647;
			files = (
				6D0F7AE924E1263500FE49FF /* LaunchScreen.storyboard in Resources */,
				6D0F7AE624E1263500FE49FF /* Assets.xcassets in Resources */,
				6D0F7AE424E1263300FE49FF /* Main.storyboard in Resources */,
			);
			runOnlyForDeploymentPostprocessing = 0;
		};
/* End PBXResourcesBuildPhase section */

/* Begin PBXSourcesBuildPhase section */
		6D0F7AD524E1263300FE49FF /* Sources */ = {
			isa = PBXSourcesBuildPhase;
			buildActionMask = 2147483647;
			files = (
				6D0F7AE124E1263300FE49FF /* ViewController.swift in Sources */,
				6D0F7AF124E127D100FE49FF /* MainVC.swift in Sources */,
				6D0F7ADD24E1263300FE49FF /* AppDelegate.swift in Sources */,
				6D0F7ADF24E1263300FE49FF /* SceneDelegate.swift in Sources */,
			);
			runOnlyForDeploymentPostprocessing = 0;
		};
/* End PBXSourcesBuildPhase section */

/* Begin PBXVariantGroup section */
		6D0F7AE224E1263300FE49FF /* Main.storyboard */ = {
			isa = PBXVariantGroup;
			children = (
				6D0F7AE324E1263300FE49FF /* Base */,
			);
			name = Main.storyboard;
			sourceTree = "<group>";
		};
		6D0F7AE724E1263500FE49FF /* LaunchScreen.storyboard */ = {
			isa = PBXVariantGroup;
			children = (
				6D0F7AE824E1263500FE49FF /* Base */,
			);
			name = LaunchScreen.storyboard;
			sourceTree = "<group>";
		};
/* End PBXVariantGroup section */

/* Begin XCBuildConfiguration section */
		6D0F7AEB24E1263500FE49FF /* Debug */ = {
			isa = XCBuildConfiguration;
			buildSettings = {
				ALWAYS_SEARCH_USER_PATHS = NO;
				CLANG_ANALYZER_NONNULL = YES;
				CLANG_ANALYZER_NUMBER_OBJECT_CONVERSION = YES_AGGRESSIVE;
				CLANG_CXX_LANGUAGE_STANDARD = "gnu++14";
				CLANG_CXX_LIBRARY = "libc++";
				CLANG_ENABLE_MODULES = YES;
				CLANG_ENABLE_OBJC_ARC = YES;
				CLANG_ENABLE_OBJC_WEAK = YES;
				CLANG_WARN_BLOCK_CAPTURE_AUTORELEASING = YES;
				CLANG_WARN_BOOL_CONVERSION = YES;
				CLANG_WARN_COMMA = YES;
				CLANG_WARN_CONSTANT_CONVERSION = YES;
				CLANG_WARN_DEPRECATED_OBJC_IMPLEMENTATIONS = YES;
				CLANG_WARN_DIRECT_OBJC_ISA_USAGE = YES_ERROR;
				CLANG_WARN_DOCUMENTATION_COMMENTS = YES;
				CLANG_WARN_EMPTY_BODY = YES;
				CLANG_WARN_ENUM_CONVERSION = YES;
				CLANG_WARN_INFINITE_RECURSION = YES;
				CLANG_WARN_INT_CONVERSION = YES;
				CLANG_WARN_NON_LITERAL_NULL_CONVERSION = YES;
				CLANG_WARN_OBJC_IMPLICIT_RETAIN_SELF = YES;
				CLANG_WARN_OBJC_LITERAL_CONVERSION = YES;
				CLANG_WARN_OBJC_ROOT_CLASS = YES_ERROR;
				CLANG_WARN_RANGE_LOOP_ANALYSIS = YES;
				CLANG_WARN_STRICT_PROTOTYPES = YES;
				CLANG_WARN_SUSPICIOUS_MOVE = YES;
				CLANG_WARN_UNGUARDED_AVAILABILITY = YES_AGGRESSIVE;
				CLANG_WARN_UNREACHABLE_CODE = YES;
				CLANG_WARN__DUPLICATE_METHOD_MATCH = YES;
				COPY_PHASE_STRIP = NO;
				DEBUG_INFORMATION_FORMAT = dwarf;
				ENABLE_STRICT_OBJC_MSGSEND = YES;
				ENABLE_TESTABILITY = YES;
				GCC_C_LANGUAGE_STANDARD = gnu11;
				GCC_DYNAMIC_NO_PIC = NO;
				GCC_NO_COMMON_BLOCKS = YES;
				GCC_OPTIMIZATION_LEVEL = 0;
				GCC_PREPROCESSOR_DEFINITIONS = (
					"DEBUG=1",
					"$(inherited)",
				);
				GCC_WARN_64_TO_32_BIT_CONVERSION = YES;
				GCC_WARN_ABOUT_RETURN_TYPE = YES_ERROR;
				GCC_WARN_UNDECLARED_SELECTOR = YES;
				GCC_WARN_UNINITIALIZED_AUTOS = YES_AGGRESSIVE;
				GCC_WARN_UNUSED_FUNCTION = YES;
				GCC_WARN_UNUSED_VARIABLE = YES;
				IPHONEOS_DEPLOYMENT_TARGET = 13.2;
				MTL_ENABLE_DEBUG_INFO = INCLUDE_SOURCE;
				MTL_FAST_MATH = YES;
				ONLY_ACTIVE_ARCH = YES;
				SDKROOT = iphoneos;
				SWIFT_ACTIVE_COMPILATION_CONDITIONS = DEBUG;
				SWIFT_OPTIMIZATION_LEVEL = "-Onone";
			};
			name = Debug;
		};
		6D0F7AEC24E1263500FE49FF /* Release */ = {
			isa = XCBuildConfiguration;
			buildSettings = {
				ALWAYS_SEARCH_USER_PATHS = NO;
				CLANG_ANALYZER_NONNULL = YES;
				CLANG_ANALYZER_NUMBER_OBJECT_CONVERSION = YES_AGGRESSIVE;
				CLANG_CXX_LANGUAGE_STANDARD = "gnu++14";
				CLANG_CXX_LIBRARY = "libc++";
				CLANG_ENABLE_MODULES = YES;
				CLANG_ENABLE_OBJC_ARC = YES;
				CLANG_ENABLE_OBJC_WEAK = YES;
				CLANG_WARN_BLOCK_CAPTURE_AUTORELEASING = YES;
				CLANG_WARN_BOOL_CONVERSION = YES;
				CLANG_WARN_COMMA = YES;
				CLANG_WARN_CONSTANT_CONVERSION = YES;
				CLANG_WARN_DEPRECATED_OBJC_IMPLEMENTATIONS = YES;
				CLANG_WARN_DIRECT_OBJC_ISA_USAGE = YES_ERROR;
				CLANG_WARN_DOCUMENTATION_COMMENTS = YES;
				CLANG_WARN_EMPTY_BODY = YES;
				CLANG_WARN_ENUM_CONVERSION = YES;
				CLANG_WARN_INFINITE_RECURSION = YES;
				CLANG_WARN_INT_CONVERSION = YES;
				CLANG_WARN_NON_LITERAL_NULL_CONVERSION = YES;
				CLANG_WARN_OBJC_IMPLICIT_RETAIN_SELF = YES;
				CLANG_WARN_OBJC_LITERAL_CONVERSION = YES;
				CLANG_WARN_OBJC_ROOT_CLASS = YES_ERROR;
				CLANG_WARN_RANGE_LOOP_ANALYSIS = YES;
				CLANG_WARN_STRICT_PROTOTYPES = YES;
				CLANG_WARN_SUSPICIOUS_MOVE = YES;
				CLANG_WARN_UNGUARDED_AVAILABILITY = YES_AGGRESSIVE;
				CLANG_WARN_UNREACHABLE_CODE = YES;
				CLANG_WARN__DUPLICATE_METHOD_MATCH = YES;
				COPY_PHASE_STRIP = NO;
				DEBUG_INFORMATION_FORMAT = "dwarf-with-dsym";
				ENABLE_NS_ASSERTIONS = NO;
				ENABLE_STRICT_OBJC_MSGSEND = YES;
				GCC_C_LANGUAGE_STANDARD = gnu11;
				GCC_NO_COMMON_BLOCKS = YES;
				GCC_WARN_64_TO_32_BIT_CONVERSION = YES;
				GCC_WARN_ABOUT_RETURN_TYPE = YES_ERROR;
				GCC_WARN_UNDECLARED_SELECTOR = YES;
				GCC_WARN_UNINITIALIZED_AUTOS = YES_AGGRESSIVE;
				GCC_WARN_UNUSED_FUNCTION = YES;
				GCC_WARN_UNUSED_VARIABLE = YES;
				IPHONEOS_DEPLOYMENT_TARGET = 13.2;
				MTL_ENABLE_DEBUG_INFO = NO;
				MTL_FAST_MATH = YES;
				SDKROOT = iphoneos;
				SWIFT_COMPILATION_MODE = wholemodule;
				SWIFT_OPTIMIZATION_LEVEL = "-O";
				VALIDATE_PRODUCT = YES;
			};
			name = Release;
		};
		6D0F7AEE24E1263500FE49FF /* Debug */ = {
			isa = XCBuildConfiguration;
			buildSettings = {
				ASSETCATALOG_COMPILER_APPICON_NAME = AppIcon;
				CODE_SIGN_STYLE = Automatic;
				DEVELOPMENT_TEAM = 8DURMPUBZ2;
				INFOPLIST_FILE = Ahorcado/Info.plist;
				LD_RUNPATH_SEARCH_PATHS = (
					"$(inherited)",
					"@executable_path/Frameworks",
				);
				PRODUCT_BUNDLE_IDENTIFIER = com.alexandru.apostol.Ahorcado;
				PRODUCT_NAME = "$(TARGET_NAME)";
				SWIFT_VERSION = 5.0;
				TARGETED_DEVICE_FAMILY = "1,2";
			};
			name = Debug;
		};
		6D0F7AEF24E1263500FE49FF /* Release */ = {
			isa = XCBuildConfiguration;
			buildSettings = {
				ASSETCATALOG_COMPILER_APPICON_NAME = AppIcon;
				CODE_SIGN_STYLE = Automatic;
				DEVELOPMENT_TEAM = 8DURMPUBZ2;
				INFOPLIST_FILE = Ahorcado/Info.plist;
				LD_RUNPATH_SEARCH_PATHS = (
					"$(inherited)",
					"@executable_path/Frameworks",
				);
				PRODUCT_BUNDLE_IDENTIFIER = com.alexandru.apostol.Ahorcado;
				PRODUCT_NAME = "$(TARGET_NAME)";
				SWIFT_VERSION = 5.0;
				TARGETED_DEVICE_FAMILY = "1,2";
			};
			name = Release;
		};
/* End XCBuildConfiguration section */

/* Begin XCConfigurationList section */
		6D0F7AD424E1263300FE49FF /* Build configuration list for PBXProject "Ahorcado" */ = {
			isa = XCConfigurationList;
			buildConfigurations = (
				6D0F7AEB24E1263500FE49FF /* Debug */,
				6D0F7AEC24E1263500FE49FF /* Release */,
			);
			defaultConfigurationIsVisible = 0;
			defaultConfigurationName = Release;
		};
		6D0F7AED24E1263500FE49FF /* Build configuration list for PBXNativeTarget "Ahorcado" */ = {
			isa = XCConfigurationList;
			buildConfigurations = (
				6D0F7AEE24E1263500FE49FF /* Debug */,
				6D0F7AEF24E1263500FE49FF /* Release */,
			);
			defaultConfigurationIsVisible = 0;
			defaultConfigurationName = Release;
		};
/* End XCConfigurationList section */
	};
	rootObject = 6D0F7AD124E1263300FE49FF /* Project object */;
}
